
Microsoft Visual Studio Solution File, Format Version 12.00
# Visual Studio 15
VisualStudioVersion = 15.0.27703.2018
MinimumVisualStudioVersion = 10.0.40219.1
Project("{FAE04EC0-301F-11D3-BF4B-00C04F79EFBC}") = "Obliczenia Ewolucyjne", "Obliczenia Ewolucyjne\Obliczenia Ewolucyjne.csproj", "{CEB3F564-7D7A-48DF-B6E1-FED4370AA9D6}"
EndProject
Project("{FAE04EC0-301F-11D3-BF4B-00C04F79EFBC}") = "Zadanie3", "Zadanie3\Zadanie3.csproj", "{88FE9BCC-4A25-4103-82C6-C54DEDB75E92}"
EndProject
Project("{FAE04EC0-301F-11D3-BF4B-00C04F79EFBC}") = "Zadanie4", "Zadanie4\Zadanie4.csproj", "{7C023346-FC03-4E7B-A3F3-9F3F9B79B508}"
EndProject
Project("{FAE04EC0-301F-11D3-BF4B-00C04F79EFBC}") = "Zadanie5", "Zadanie5\Zadanie5.csproj", "{2B8D2CEA-84EA-4313-B13D-23F747077A7B}"
EndProject
Global
	GlobalSection(SolutionConfigurationPlatforms) = preSolution
		Debug|Any CPU = Debug|Any CPU
		Release|Any CPU = Release|Any CPU
	EndGlobalSection
	GlobalSection(ProjectConfigurationPlatforms) = postSolution
		{CEB3F564-7D7A-48DF-B6E1-FED4370AA9D6}.Debug|Any CPU.ActiveCfg = Debug|Any CPU
		{CEB3F564-7D7A-48DF-B6E1-FED4370AA9D6}.Debug|Any CPU.Build.0 = Debug|Any CPU
		{CEB3F564-7D7A-48DF-B6E1-FED4370AA9D6}.Release|Any CPU.ActiveCfg = Release|Any CPU
		{CEB3F564-7D7A-48DF-B6E1-FED4370AA9D6}.Release|Any CPU.Build.0 = Release|Any CPU
		{88FE9BCC-4A25-4103-82C6-C54DEDB75E92}.Debug|Any CPU.ActiveCfg = Debug|Any CPU
		{88FE9BCC-4A25-4103-82C6-C54DEDB75E92}.Debug|Any CPU.Build.0 = Debug|Any CPU
		{88FE9BCC-4A25-4103-82C6-C54DEDB75E92}.Release|Any CPU.ActiveCfg = Release|Any CPU
		{88FE9BCC-4A25-4103-82C6-C54DEDB75E92}.Release|Any CPU.Build.0 = Release|Any CPU
		{7C023346-FC03-4E7B-A3F3-9F3F9B79B508}.Debug|Any CPU.ActiveCfg = Debug|Any CPU
		{7C023346-FC03-4E7B-A3F3-9F3F9B79B508}.Debug|Any CPU.Build.0 = Debug|Any CPU
		{7C023346-FC03-4E7B-A3F3-9F3F9B79B508}.Release|Any CPU.ActiveCfg = Release|Any CPU
		{7C023346-FC03-4E7B-A3F3-9F3F9B79B508}.Release|Any CPU.Build.0 = Release|Any CPU
		{2B8D2CEA-84EA-4313-B13D-23F747077A7B}.Debug|Any CPU.ActiveCfg = Debug|Any CPU
		{2B8D2CEA-84EA-4313-B13D-23F747077A7B}.Debug|Any CPU.Build.0 = Debug|Any CPU
		{2B8D2CEA-84EA-4313-B13D-23F747077A7B}.Release|Any CPU.ActiveCfg = Release|Any CPU
		{2B8D2CEA-84EA-4313-B13D-23F747077A7B}.Release|Any CPU.Build.0 = Release|Any CPU
	EndGlobalSection
	GlobalSection(SolutionProperties) = preSolution
		HideSolutionNode = FALSE
	EndGlobalSection
	GlobalSection(ExtensibilityGlobals) = postSolution
		SolutionGuid = {25E74F0D-583A-43EA-97BA-A40F1DAABA8F}
	EndGlobalSection
EndGlobal
